
Microsoft Visual Studio Solution File, Format Version 12.00
# Visual Studio 15
VisualStudioVersion = 15.0.27703.2000
MinimumVisualStudioVersion = 10.0.40219.1
Project("{FAE04EC0-301F-11D3-BF4B-00C04F79EFBC}") = "EchoBot", "EchoBot\EchoBot.csproj", "{A8B1CD65-6F4C-4B64-8B47-4B17DCDC0238}"
EndProject
Global
	GlobalSection(SolutionConfigurationPlatforms) = preSolution
		Debug|Any CPU = Debug|Any CPU
		Release|Any CPU = Release|Any CPU
	EndGlobalSection
	GlobalSection(ProjectConfigurationPlatforms) = postSolution
		{A8B1CD65-6F4C-4B64-8B47-4B17DCDC0238}.Debug|Any CPU.ActiveCfg = Debug|Any CPU
		{A8B1CD65-6F4C-4B64-8B47-4B17DCDC0238}.Debug|Any CPU.Build.0 = Debug|Any CPU
		{A8B1CD65-6F4C-4B64-8B47-4B17DCDC0238}.Release|Any CPU.ActiveCfg = Release|Any CPU
		{A8B1CD65-6F4C-4B64-8B47-4B17DCDC0238}.Release|Any CPU.Build.0 = Release|Any CPU
	EndGlobalSection
	GlobalSection(SolutionProperties) = preSolution
		HideSolutionNode = FALSE
	EndGlobalSection
	GlobalSection(ExtensibilityGlobals) = postSolution
		SolutionGuid = {79C7A866-8F79-44E2-927A-7637C17090CF}
	EndGlobalSection
EndGlobal
